// !$*UTF8*$!
{
	archiveVersion = 1;
	classes = {
	};
	objectVersion = 46;
	objects = {

/* Begin PBXBuildFile section */
		08B9445C1E890CE1001B201B /* AppDelegate.swift in Sources */ = {isa = PBXBuildFile; fileRef = 08B9445B1E890CE1001B201B /* AppDelegate.swift */; };
		08B9445E1E890CE1001B201B /* LogInViewController.swift in Sources */ = {isa = PBXBuildFile; fileRef = 08B9445D1E890CE1001B201B /* LogInViewController.swift */; };
		08B944611E890CE1001B201B /* Main.storyboard in Resources */ = {isa = PBXBuildFile; fileRef = 08B9445F1E890CE1001B201B /* Main.storyboard */; };
		08B944631E890CE1001B201B /* Assets.xcassets in Resources */ = {isa = PBXBuildFile; fileRef = 08B944621E890CE1001B201B /* Assets.xcassets */; };
		08B944661E890CE1001B201B /* LaunchScreen.storyboard in Resources */ = {isa = PBXBuildFile; fileRef = 08B944641E890CE1001B201B /* LaunchScreen.storyboard */; };
		08B944711E890CE1001B201B /* TestTaskAppTests.swift in Sources */ = {isa = PBXBuildFile; fileRef = 08B944701E890CE1001B201B /* TestTaskAppTests.swift */; };
		08B9447C1E890CE1001B201B /* TestTaskAppUITests.swift in Sources */ = {isa = PBXBuildFile; fileRef = 08B9447B1E890CE1001B201B /* TestTaskAppUITests.swift */; };
		08B9448A1E893E2D001B201B /* CommunicationService.swift in Sources */ = {isa = PBXBuildFile; fileRef = 08B944891E893E2D001B201B /* CommunicationService.swift */; };
		08B9448E1E893F74001B201B /* Roboto-Light.ttf in Resources */ = {isa = PBXBuildFile; fileRef = 08B9448B1E893F74001B201B /* Roboto-Light.ttf */; };
		08B9448F1E893F74001B201B /* Roboto-Medium.ttf in Resources */ = {isa = PBXBuildFile; fileRef = 08B9448C1E893F74001B201B /* Roboto-Medium.ttf */; };
		08B944901E893F74001B201B /* Roboto-Regular.ttf in Resources */ = {isa = PBXBuildFile; fileRef = 08B9448D1E893F74001B201B /* Roboto-Regular.ttf */; };
		08B944921E893FBA001B201B /* Constants.swift in Sources */ = {isa = PBXBuildFile; fileRef = 08B944911E893FBA001B201B /* Constants.swift */; };
		20B80987EDFCE597AC708EC7 /* Pods_TestTaskAppTests.framework in Frameworks */ = {isa = PBXBuildFile; fileRef = C60B5E91DF46261A9DFAD974 /* Pods_TestTaskAppTests.framework */; };
		331A812D86531BC8DF7F8843 /* Pods_TestTaskAppUITests.framework in Frameworks */ = {isa = PBXBuildFile; fileRef = 4BBD2ED64F865F12D569BE1E /* Pods_TestTaskAppUITests.framework */; };
		B894F6D354E11A034C7987E9 /* Pods_TestTaskApp.framework in Frameworks */ = {isa = PBXBuildFile; fileRef = 0DB6F29DC03A1C37594BFFD8 /* Pods_TestTaskApp.framework */; };
/* End PBXBuildFile section */

/* Begin PBXContainerItemProxy section */
		08B9446D1E890CE1001B201B /* PBXContainerItemProxy */ = {
			isa = PBXContainerItemProxy;
			containerPortal = 08B944501E890CE1001B201B /* Project object */;
			proxyType = 1;
			remoteGlobalIDString = 08B944571E890CE1001B201B;
			remoteInfo = TestTaskApp;
		};
		08B944781E890CE1001B201B /* PBXContainerItemProxy */ = {
			isa = PBXContainerItemProxy;
			containerPortal = 08B944501E890CE1001B201B /* Project object */;
			proxyType = 1;
			remoteGlobalIDString = 08B944571E890CE1001B201B;
			remoteInfo = TestTaskApp;
		};
/* End PBXContainerItemProxy section */

/* Begin PBXFileReference section */
		08B944581E890CE1001B201B /* TestTaskApp.app */ = {isa = PBXFileReference; explicitFileType = wrapper.application; includeInIndex = 0; path = TestTaskApp.app; sourceTree = BUILT_PRODUCTS_DIR; };
		08B9445B1E890CE1001B201B /* AppDelegate.swift */ = {isa = PBXFileReference; lastKnownFileType = sourcecode.swift; path = AppDelegate.swift; sourceTree = "<group>"; };
		08B9445D1E890CE1001B201B /* LogInViewController.swift */ = {isa = PBXFileReference; lastKnownFileType = sourcecode.swift; path = LogInViewController.swift; sourceTree = "<group>"; };
		08B944601E890CE1001B201B /* Base */ = {isa = PBXFileReference; lastKnownFileType = file.storyboard; name = Base; path = Base.lproj/Main.storyboard; sourceTree = "<group>"; };
		08B944621E890CE1001B201B /* Assets.xcassets */ = {isa = PBXFileReference; lastKnownFileType = folder.assetcatalog; path = Assets.xcassets; sourceTree = "<group>"; };
		08B944651E890CE1001B201B /* Base */ = {isa = PBXFileReference; lastKnownFileType = file.storyboard; name = Base; path = Base.lproj/LaunchScreen.storyboard; sourceTree = "<group>"; };
		08B944671E890CE1001B201B /* Info.plist */ = {isa = PBXFileReference; lastKnownFileType = text.plist.xml; path = Info.plist; sourceTree = "<group>"; };
		08B9446C1E890CE1001B201B /* TestTaskAppTests.xctest */ = {isa = PBXFileReference; explicitFileType = wrapper.cfbundle; includeInIndex = 0; path = TestTaskAppTests.xctest; sourceTree = BUILT_PRODUCTS_DIR; };
		08B944701E890CE1001B201B /* TestTaskAppTests.swift */ = {isa = PBXFileReference; lastKnownFileType = sourcecode.swift; path = TestTaskAppTests.swift; sourceTree = "<group>"; };
		08B944721E890CE1001B201B /* Info.plist */ = {isa = PBXFileReference; lastKnownFileType = text.plist.xml; path = Info.plist; sourceTree = "<group>"; };
		08B944771E890CE1001B201B /* TestTaskAppUITests.xctest */ = {isa = PBXFileReference; explicitFileType = wrapper.cfbundle; includeInIndex = 0; path = TestTaskAppUITests.xctest; sourceTree = BUILT_PRODUCTS_DIR; };
		08B9447B1E890CE1001B201B /* TestTaskAppUITests.swift */ = {isa = PBXFileReference; lastKnownFileType = sourcecode.swift; path = TestTaskAppUITests.swift; sourceTree = "<group>"; };
		08B9447D1E890CE1001B201B /* Info.plist */ = {isa = PBXFileReference; lastKnownFileType = text.plist.xml; path = Info.plist; sourceTree = "<group>"; };
		08B944891E893E2D001B201B /* CommunicationService.swift */ = {isa = PBXFileReference; fileEncoding = 4; lastKnownFileType = sourcecode.swift; path = CommunicationService.swift; sourceTree = "<group>"; };
		08B9448B1E893F74001B201B /* Roboto-Light.ttf */ = {isa = PBXFileReference; lastKnownFileType = file; path = "Roboto-Light.ttf"; sourceTree = "<group>"; };
		08B9448C1E893F74001B201B /* Roboto-Medium.ttf */ = {isa = PBXFileReference; lastKnownFileType = file; path = "Roboto-Medium.ttf"; sourceTree = "<group>"; };
		08B9448D1E893F74001B201B /* Roboto-Regular.ttf */ = {isa = PBXFileReference; lastKnownFileType = file; path = "Roboto-Regular.ttf"; sourceTree = "<group>"; };
		08B944911E893FBA001B201B /* Constants.swift */ = {isa = PBXFileReference; fileEncoding = 4; lastKnownFileType = sourcecode.swift; path = Constants.swift; sourceTree = "<group>"; };
		0B55A31086BD46A631DC8E1B /* Pods-TestTaskApp.release.xcconfig */ = {isa = PBXFileReference; includeInIndex = 1; lastKnownFileType = text.xcconfig; name = "Pods-TestTaskApp.release.xcconfig"; path = "Pods/Target Support Files/Pods-TestTaskApp/Pods-TestTaskApp.release.xcconfig"; sourceTree = "<group>"; };
		0DB6F29DC03A1C37594BFFD8 /* Pods_TestTaskApp.framework */ = {isa = PBXFileReference; explicitFileType = wrapper.framework; includeInIndex = 0; path = Pods_TestTaskApp.framework; sourceTree = BUILT_PRODUCTS_DIR; };
		365CE40CE19B61A34B98AC33 /* Pods-TestTaskAppUITests.debug.xcconfig */ = {isa = PBXFileReference; includeInIndex = 1; lastKnownFileType = text.xcconfig; name = "Pods-TestTaskAppUITests.debug.xcconfig"; path = "Pods/Target Support Files/Pods-TestTaskAppUITests/Pods-TestTaskAppUITests.debug.xcconfig"; sourceTree = "<group>"; };
		36FB55C75A5C430FFF9214B7 /* Pods-TestTaskAppTests.debug.xcconfig */ = {isa = PBXFileReference; includeInIndex = 1; lastKnownFileType = text.xcconfig; name = "Pods-TestTaskAppTests.debug.xcconfig"; path = "Pods/Target Support Files/Pods-TestTaskAppTests/Pods-TestTaskAppTests.debug.xcconfig"; sourceTree = "<group>"; };
		4BBD2ED64F865F12D569BE1E /* Pods_TestTaskAppUITests.framework */ = {isa = PBXFileReference; explicitFileType = wrapper.framework; includeInIndex = 0; path = Pods_TestTaskAppUITests.framework; sourceTree = BUILT_PRODUCTS_DIR; };
		61460C6EC0B17CDBB9ECD1A5 /* Pods-TestTaskAppTests.release.xcconfig */ = {isa = PBXFileReference; includeInIndex = 1; lastKnownFileType = text.xcconfig; name = "Pods-TestTaskAppTests.release.xcconfig"; path = "Pods/Target Support Files/Pods-TestTaskAppTests/Pods-TestTaskAppTests.release.xcconfig"; sourceTree = "<group>"; };
		C60B5E91DF46261A9DFAD974 /* Pods_TestTaskAppTests.framework */ = {isa = PBXFileReference; explicitFileType = wrapper.framework; includeInIndex = 0; path = Pods_TestTaskAppTests.framework; sourceTree = BUILT_PRODUCTS_DIR; };
		D18BF32CF08357B65DE91DCB /* Pods-TestTaskApp.debug.xcconfig */ = {isa = PBXFileReference; includeInIndex = 1; lastKnownFileType = text.xcconfig; name = "Pods-TestTaskApp.debug.xcconfig"; path = "Pods/Target Support Files/Pods-TestTaskApp/Pods-TestTaskApp.debug.xcconfig"; sourceTree = "<group>"; };
		E016D0FB79B0EAB10F3FC326 /* Pods-TestTaskAppUITests.release.xcconfig */ = {isa = PBXFileReference; includeInIndex = 1; lastKnownFileType = text.xcconfig; name = "Pods-TestTaskAppUITests.release.xcconfig"; path = "Pods/Target Support Files/Pods-TestTaskAppUITests/Pods-TestTaskAppUITests.release.xcconfig"; sourceTree = "<group>"; };
/* End PBXFileReference section */

/* Begin PBXFrameworksBuildPhase section */
		08B944551E890CE1001B201B /* Frameworks */ = {
			isa = PBXFrameworksBuildPhase;
			buildActionMask = 2147483647;
			files = (
				B894F6D354E11A034C7987E9 /* Pods_TestTaskApp.framework in Frameworks */,
			);
			runOnlyForDeploymentPostprocessing = 0;
		};
		08B944691E890CE1001B201B /* Frameworks */ = {
			isa = PBXFrameworksBuildPhase;
			buildActionMask = 2147483647;
			files = (
				20B80987EDFCE597AC708EC7 /* Pods_TestTaskAppTests.framework in Frameworks */,
			);
			runOnlyForDeploymentPostprocessing = 0;
		};
		08B944741E890CE1001B201B /* Frameworks */ = {
			isa = PBXFrameworksBuildPhase;
			buildActionMask = 2147483647;
			files = (
				331A812D86531BC8DF7F8843 /* Pods_TestTaskAppUITests.framework in Frameworks */,
			);
			runOnlyForDeploymentPostprocessing = 0;
		};
/* End PBXFrameworksBuildPhase section */

/* Begin PBXGroup section */
		08B9444F1E890CE1001B201B = {
			isa = PBXGroup;
			children = (
				08B9445A1E890CE1001B201B /* TestTaskApp */,
				08B9446F1E890CE1001B201B /* TestTaskAppTests */,
				08B9447A1E890CE1001B201B /* TestTaskAppUITests */,
				08B944591E890CE1001B201B /* Products */,
				11C836F29BDEDEACE66A59A2 /* Pods */,
				B71CFD3906958A8EE5560FF0 /* Frameworks */,
			);
			sourceTree = "<group>";
		};
		08B944591E890CE1001B201B /* Products */ = {
			isa = PBXGroup;
			children = (
				08B944581E890CE1001B201B /* TestTaskApp.app */,
				08B9446C1E890CE1001B201B /* TestTaskAppTests.xctest */,
				08B944771E890CE1001B201B /* TestTaskAppUITests.xctest */,
			);
			name = Products;
			sourceTree = "<group>";
		};
		08B9445A1E890CE1001B201B /* TestTaskApp */ = {
			isa = PBXGroup;
			children = (
				08B944941E894971001B201B /* Application */,
				08B944931E89495F001B201B /* Controllers */,
				08B944951E89497E001B201B /* Resources */,
				08B944961E89498D001B201B /* Services */,
				08B944971E894994001B201B /* Helpers */,
			);
			path = TestTaskApp;
			sourceTree = "<group>";
		};
		08B9446F1E890CE1001B201B /* TestTaskAppTests */ = {
			isa = PBXGroup;
			children = (
				08B944701E890CE1001B201B /* TestTaskAppTests.swift */,
				08B944721E890CE1001B201B /* Info.plist */,
			);
			path = TestTaskAppTests;
			sourceTree = "<group>";
		};
		08B9447A1E890CE1001B201B /* TestTaskAppUITests */ = {
			isa = PBXGroup;
			children = (
				08B9447B1E890CE1001B201B /* TestTaskAppUITests.swift */,
				08B9447D1E890CE1001B201B /* Info.plist */,
			);
			path = TestTaskAppUITests;
			sourceTree = "<group>";
		};
		08B944931E89495F001B201B /* Controllers */ = {
			isa = PBXGroup;
			children = (
				08B9445D1E890CE1001B201B /* LogInViewController.swift */,
			);
			name = Controllers;
			sourceTree = "<group>";
		};
		08B944941E894971001B201B /* Application */ = {
			isa = PBXGroup;
			children = (
				08B9445B1E890CE1001B201B /* AppDelegate.swift */,
				08B9445F1E890CE1001B201B /* Main.storyboard */,
				08B944641E890CE1001B201B /* LaunchScreen.storyboard */,
				08B944671E890CE1001B201B /* Info.plist */,
			);
			name = Application;
			sourceTree = "<group>";
		};
		08B944951E89497E001B201B /* Resources */ = {
			isa = PBXGroup;
			children = (
				08B944621E890CE1001B201B /* Assets.xcassets */,
				08B9448B1E893F74001B201B /* Roboto-Light.ttf */,
				08B9448C1E893F74001B201B /* Roboto-Medium.ttf */,
				08B9448D1E893F74001B201B /* Roboto-Regular.ttf */,
			);
			name = Resources;
			sourceTree = "<group>";
		};
		08B944961E89498D001B201B /* Services */ = {
			isa = PBXGroup;
			children = (
				08B944891E893E2D001B201B /* CommunicationService.swift */,
			);
			name = Services;
			sourceTree = "<group>";
		};
		08B944971E894994001B201B /* Helpers */ = {
			isa = PBXGroup;
			children = (
				08B944911E893FBA001B201B /* Constants.swift */,
			);
			name = Helpers;
			sourceTree = "<group>";
		};
		11C836F29BDEDEACE66A59A2 /* Pods */ = {
			isa = PBXGroup;
			children = (
				D18BF32CF08357B65DE91DCB /* Pods-TestTaskApp.debug.xcconfig */,
				0B55A31086BD46A631DC8E1B /* Pods-TestTaskApp.release.xcconfig */,
				36FB55C75A5C430FFF9214B7 /* Pods-TestTaskAppTests.debug.xcconfig */,
				61460C6EC0B17CDBB9ECD1A5 /* Pods-TestTaskAppTests.release.xcconfig */,
				365CE40CE19B61A34B98AC33 /* Pods-TestTaskAppUITests.debug.xcconfig */,
				E016D0FB79B0EAB10F3FC326 /* Pods-TestTaskAppUITests.release.xcconfig */,
			);
			name = Pods;
			sourceTree = "<group>";
		};
		B71CFD3906958A8EE5560FF0 /* Frameworks */ = {
			isa = PBXGroup;
			children = (
				0DB6F29DC03A1C37594BFFD8 /* Pods_TestTaskApp.framework */,
				C60B5E91DF46261A9DFAD974 /* Pods_TestTaskAppTests.framework */,
				4BBD2ED64F865F12D569BE1E /* Pods_TestTaskAppUITests.framework */,
			);
			name = Frameworks;
			sourceTree = "<group>";
		};
/* End PBXGroup section */

/* Begin PBXNativeTarget section */
		08B944571E890CE1001B201B /* TestTaskApp */ = {
			isa = PBXNativeTarget;
			buildConfigurationList = 08B944801E890CE1001B201B /* Build configuration list for PBXNativeTarget "TestTaskApp" */;
			buildPhases = (
				4CBE918056EE4A71FBD60AFF /* [CP] Check Pods Manifest.lock */,
				08B944541E890CE1001B201B /* Sources */,
				08B944551E890CE1001B201B /* Frameworks */,
				08B944561E890CE1001B201B /* Resources */,
				3B1A4A38F9B2199B711D577A /* [CP] Embed Pods Frameworks */,
				969620B25373BC2403D1A5DB /* [CP] Copy Pods Resources */,
			);
			buildRules = (
			);
			dependencies = (
			);
			name = TestTaskApp;
			productName = TestTaskApp;
			productReference = 08B944581E890CE1001B201B /* TestTaskApp.app */;
			productType = "com.apple.product-type.application";
		};
		08B9446B1E890CE1001B201B /* TestTaskAppTests */ = {
			isa = PBXNativeTarget;
			buildConfigurationList = 08B944831E890CE1001B201B /* Build configuration list for PBXNativeTarget "TestTaskAppTests" */;
			buildPhases = (
				9E4879215E81B7088757D802 /* [CP] Check Pods Manifest.lock */,
				08B944681E890CE1001B201B /* Sources */,
				08B944691E890CE1001B201B /* Frameworks */,
				08B9446A1E890CE1001B201B /* Resources */,
				07FDAF98B4C2B94E72D9BC71 /* [CP] Embed Pods Frameworks */,
				6C49A1946C2F2C92678931E2 /* [CP] Copy Pods Resources */,
			);
			buildRules = (
			);
			dependencies = (
				08B9446E1E890CE1001B201B /* PBXTargetDependency */,
			);
			name = TestTaskAppTests;
			productName = TestTaskAppTests;
			productReference = 08B9446C1E890CE1001B201B /* TestTaskAppTests.xctest */;
			productType = "com.apple.product-type.bundle.unit-test";
		};
		08B944761E890CE1001B201B /* TestTaskAppUITests */ = {
			isa = PBXNativeTarget;
			buildConfigurationList = 08B944861E890CE1001B201B /* Build configuration list for PBXNativeTarget "TestTaskAppUITests" */;
			buildPhases = (
				B5FB076ADB3802C0CB1EA042 /* [CP] Check Pods Manifest.lock */,
				08B944731E890CE1001B201B /* Sources */,
				08B944741E890CE1001B201B /* Frameworks */,
				08B944751E890CE1001B201B /* Resources */,
				B2A17A65C8CF5359BFD4C89A /* [CP] Embed Pods Frameworks */,
				16314C4385815808AB2065B0 /* [CP] Copy Pods Resources */,
			);
			buildRules = (
			);
			dependencies = (
				08B944791E890CE1001B201B /* PBXTargetDependency */,
			);
			name = TestTaskAppUITests;
			productName = TestTaskAppUITests;
			productReference = 08B944771E890CE1001B201B /* TestTaskAppUITests.xctest */;
			productType = "com.apple.product-type.bundle.ui-testing";
		};
/* End PBXNativeTarget section */

/* Begin PBXProject section */
		08B944501E890CE1001B201B /* Project object */ = {
			isa = PBXProject;
			attributes = {
				LastSwiftUpdateCheck = 0820;
				LastUpgradeCheck = 0820;
				ORGANIZATIONNAME = "Petar Santor";
				TargetAttributes = {
					08B944571E890CE1001B201B = {
						CreatedOnToolsVersion = 8.2.1;
						DevelopmentTeam = 4S4TN8CRJT;
						ProvisioningStyle = Automatic;
					};
					08B9446B1E890CE1001B201B = {
						CreatedOnToolsVersion = 8.2.1;
						DevelopmentTeam = 4S4TN8CRJT;
						ProvisioningStyle = Automatic;
						TestTargetID = 08B944571E890CE1001B201B;
					};
					08B944761E890CE1001B201B = {
						CreatedOnToolsVersion = 8.2.1;
						DevelopmentTeam = 4S4TN8CRJT;
						ProvisioningStyle = Automatic;
						TestTargetID = 08B944571E890CE1001B201B;
					};
				};
			};
			buildConfigurationList = 08B944531E890CE1001B201B /* Build configuration list for PBXProject "TestTaskApp" */;
			compatibilityVersion = "Xcode 3.2";
			developmentRegion = English;
			hasScannedForEncodings = 0;
			knownRegions = (
				en,
				Base,
			);
			mainGroup = 08B9444F1E890CE1001B201B;
			productRefGroup = 08B944591E890CE1001B201B /* Products */;
			projectDirPath = "";
			projectRoot = "";
			targets = (
				08B944571E890CE1001B201B /* TestTaskApp */,
				08B9446B1E890CE1001B201B /* TestTaskAppTests */,
				08B944761E890CE1001B201B /* TestTaskAppUITests */,
			);
		};
/* End PBXProject section */

/* Begin PBXResourcesBuildPhase section */
		08B944561E890CE1001B201B /* Resources */ = {
			isa = PBXResourcesBuildPhase;
			buildActionMask = 2147483647;
			files = (
				08B944901E893F74001B201B /* Roboto-Regular.ttf in Resources */,
				08B9448F1E893F74001B201B /* Roboto-Medium.ttf in Resources */,
				08B944661E890CE1001B201B /* LaunchScreen.storyboard in Resources */,
				08B944631E890CE1001B201B /* Assets.xcassets in Resources */,
				08B9448E1E893F74001B201B /* Roboto-Light.ttf in Resources */,
				08B944611E890CE1001B201B /* Main.storyboard in Resources */,
			);
			runOnlyForDeploymentPostprocessing = 0;
		};
		08B9446A1E890CE1001B201B /* Resources */ = {
			isa = PBXResourcesBuildPhase;
			buildActionMask = 2147483647;
			files = (
			);
			runOnlyForDeploymentPostprocessing = 0;
		};
		08B944751E890CE1001B201B /* Resources */ = {
			isa = PBXResourcesBuildPhase;
			buildActionMask = 2147483647;
			files = (
			);
			runOnlyForDeploymentPostprocessing = 0;
		};
/* End PBXResourcesBuildPhase section */

/* Begin PBXShellScriptBuildPhase section */
		07FDAF98B4C2B94E72D9BC71 /* [CP] Embed Pods Frameworks */ = {
			isa = PBXShellScriptBuildPhase;
			buildActionMask = 2147483647;
			files = (
			);
			inputPaths = (
			);
			name = "[CP] Embed Pods Frameworks";
			outputPaths = (
			);
			runOnlyForDeploymentPostprocessing = 0;
			shellPath = /bin/sh;
			shellScript = "\"${SRCROOT}/Pods/Target Support Files/Pods-TestTaskAppTests/Pods-TestTaskAppTests-frameworks.sh\"\n";
			showEnvVarsInLog = 0;
		};
		16314C4385815808AB2065B0 /* [CP] Copy Pods Resources */ = {
			isa = PBXShellScriptBuildPhase;
			buildActionMask = 2147483647;
			files = (
			);
			inputPaths = (
			);
			name = "[CP] Copy Pods Resources";
			outputPaths = (
			);
			runOnlyForDeploymentPostprocessing = 0;
			shellPath = /bin/sh;
			shellScript = "\"${SRCROOT}/Pods/Target Support Files/Pods-TestTaskAppUITests/Pods-TestTaskAppUITests-resources.sh\"\n";
			showEnvVarsInLog = 0;
		};
		3B1A4A38F9B2199B711D577A /* [CP] Embed Pods Frameworks */ = {
			isa = PBXShellScriptBuildPhase;
			buildActionMask = 2147483647;
			files = (
			);
			inputPaths = (
			);
			name = "[CP] Embed Pods Frameworks";
			outputPaths = (
			);
			runOnlyForDeploymentPostprocessing = 0;
			shellPath = /bin/sh;
			shellScript = "\"${SRCROOT}/Pods/Target Support Files/Pods-TestTaskApp/Pods-TestTaskApp-frameworks.sh\"\n";
			showEnvVarsInLog = 0;
		};
		4CBE918056EE4A71FBD60AFF /* [CP] Check Pods Manifest.lock */ = {
			isa = PBXShellScriptBuildPhase;
			buildActionMask = 2147483647;
			files = (
			);
			inputPaths = (
			);
			name = "[CP] Check Pods Manifest.lock";
			outputPaths = (
			);
			runOnlyForDeploymentPostprocessing = 0;
			shellPath = /bin/sh;
			shellScript = "diff \"${PODS_ROOT}/../Podfile.lock\" \"${PODS_ROOT}/Manifest.lock\" > /dev/null\nif [ $? != 0 ] ; then\n    # print error to STDERR\n    echo \"error: The sandbox is not in sync with the Podfile.lock. Run \'pod install\' or update your CocoaPods installation.\" >&2\n    exit 1\nfi\n";
			showEnvVarsInLog = 0;
		};
		6C49A1946C2F2C92678931E2 /* [CP] Copy Pods Resources */ = {
			isa = PBXShellScriptBuildPhase;
			buildActionMask = 2147483647;
			files = (
			);
			inputPaths = (
			);
			name = "[CP] Copy Pods Resources";
			outputPaths = (
			);
			runOnlyForDeploymentPostprocessing = 0;
			shellPath = /bin/sh;
			shellScript = "\"${SRCROOT}/Pods/Target Support Files/Pods-TestTaskAppTests/Pods-TestTaskAppTests-resources.sh\"\n";
			showEnvVarsInLog = 0;
		};
		969620B25373BC2403D1A5DB /* [CP] Copy Pods Resources */ = {
			isa = PBXShellScriptBuildPhase;
			buildActionMask = 2147483647;
			files = (
			);
			inputPaths = (
			);
			name = "[CP] Copy Pods Resources";
			outputPaths = (
			);
			runOnlyForDeploymentPostprocessing = 0;
			shellPath = /bin/sh;
			shellScript = "\"${SRCROOT}/Pods/Target Support Files/Pods-TestTaskApp/Pods-TestTaskApp-resources.sh\"\n";
			showEnvVarsInLog = 0;
		};
		9E4879215E81B7088757D802 /* [CP] Check Pods Manifest.lock */ = {
			isa = PBXShellScriptBuildPhase;
			buildActionMask = 2147483647;
			files = (
			);
			inputPaths = (
			);
			name = "[CP] Check Pods Manifest.lock";
			outputPaths = (
			);
			runOnlyForDeploymentPostprocessing = 0;
			shellPath = /bin/sh;
			shellScript = "diff \"${PODS_ROOT}/../Podfile.lock\" \"${PODS_ROOT}/Manifest.lock\" > /dev/null\nif [ $? != 0 ] ; then\n    # print error to STDERR\n    echo \"error: The sandbox is not in sync with the Podfile.lock. Run \'pod install\' or update your CocoaPods installation.\" >&2\n    exit 1\nfi\n";
			showEnvVarsInLog = 0;
		};
		B2A17A65C8CF5359BFD4C89A /* [CP] Embed Pods Frameworks */ = {
			isa = PBXShellScriptBuildPhase;
			buildActionMask = 2147483647;
			files = (
			);
			inputPaths = (
			);
			name = "[CP] Embed Pods Frameworks";
			outputPaths = (
			);
			runOnlyForDeploymentPostprocessing = 0;
			shellPath = /bin/sh;
			shellScript = "\"${SRCROOT}/Pods/Target Support Files/Pods-TestTaskAppUITests/Pods-TestTaskAppUITests-frameworks.sh\"\n";
			showEnvVarsInLog = 0;
		};
		B5FB076ADB3802C0CB1EA042 /* [CP] Check Pods Manifest.lock */ = {
			isa = PBXShellScriptBuildPhase;
			buildActionMask = 2147483647;
			files = (
			);
			inputPaths = (
			);
			name = "[CP] Check Pods Manifest.lock";
			outputPaths = (
			);
			runOnlyForDeploymentPostprocessing = 0;
			shellPath = /bin/sh;
			shellScript = "diff \"${PODS_ROOT}/../Podfile.lock\" \"${PODS_ROOT}/Manifest.lock\" > /dev/null\nif [ $? != 0 ] ; then\n    # print error to STDERR\n    echo \"error: The sandbox is not in sync with the Podfile.lock. Run \'pod install\' or update your CocoaPods installation.\" >&2\n    exit 1\nfi\n";
			showEnvVarsInLog = 0;
		};
/* End PBXShellScriptBuildPhase section */

/* Begin PBXSourcesBuildPhase section */
		08B944541E890CE1001B201B /* Sources */ = {
			isa = PBXSourcesBuildPhase;
			buildActionMask = 2147483647;
			files = (
				08B9445E1E890CE1001B201B /* LogInViewController.swift in Sources */,
				08B9445C1E890CE1001B201B /* AppDelegate.swift in Sources */,
				08B9448A1E893E2D001B201B /* CommunicationService.swift in Sources */,
				08B944921E893FBA001B201B /* Constants.swift in Sources */,
			);
			runOnlyForDeploymentPostprocessing = 0;
		};
		08B944681E890CE1001B201B /* Sources */ = {
			isa = PBXSourcesBuildPhase;
			buildActionMask = 2147483647;
			files = (
				08B944711E890CE1001B201B /* TestTaskAppTests.swift in Sources */,
			);
			runOnlyForDeploymentPostprocessing = 0;
		};
		08B944731E890CE1001B201B /* Sources */ = {
			isa = PBXSourcesBuildPhase;
			buildActionMask = 2147483647;
			files = (
				08B9447C1E890CE1001B201B /* TestTaskAppUITests.swift in Sources */,
			);
			runOnlyForDeploymentPostprocessing = 0;
		};
/* End PBXSourcesBuildPhase section */

/* Begin PBXTargetDependency section */
		08B9446E1E890CE1001B201B /* PBXTargetDependency */ = {
			isa = PBXTargetDependency;
			target = 08B944571E890CE1001B201B /* TestTaskApp */;
			targetProxy = 08B9446D1E890CE1001B201B /* PBXContainerItemProxy */;
		};
		08B944791E890CE1001B201B /* PBXTargetDependency */ = {
			isa = PBXTargetDependency;
			target = 08B944571E890CE1001B201B /* TestTaskApp */;
			targetProxy = 08B944781E890CE1001B201B /* PBXContainerItemProxy */;
		};
/* End PBXTargetDependency section */

/* Begin PBXVariantGroup section */
		08B9445F1E890CE1001B201B /* Main.storyboard */ = {
			isa = PBXVariantGroup;
			children = (
				08B944601E890CE1001B201B /* Base */,
			);
			name = Main.storyboard;
			sourceTree = "<group>";
		};
		08B944641E890CE1001B201B /* LaunchScreen.storyboard */ = {
			isa = PBXVariantGroup;
			children = (
				08B944651E890CE1001B201B /* Base */,
			);
			name = LaunchScreen.storyboard;
			sourceTree = "<group>";
		};
/* End PBXVariantGroup section */

/* Begin XCBuildConfiguration section */
		08B9447E1E890CE1001B201B /* Debug */ = {
			isa = XCBuildConfiguration;
			buildSettings = {
				ALWAYS_SEARCH_USER_PATHS = NO;
				CLANG_ANALYZER_NONNULL = YES;
				CLANG_CXX_LANGUAGE_STANDARD = "gnu++0x";
				CLANG_CXX_LIBRARY = "libc++";
				CLANG_ENABLE_MODULES = YES;
				CLANG_ENABLE_OBJC_ARC = YES;
				CLANG_WARN_BOOL_CONVERSION = YES;
				CLANG_WARN_CONSTANT_CONVERSION = YES;
				CLANG_WARN_DIRECT_OBJC_ISA_USAGE = YES_ERROR;
				CLANG_WARN_DOCUMENTATION_COMMENTS = YES;
				CLANG_WARN_EMPTY_BODY = YES;
				CLANG_WARN_ENUM_CONVERSION = YES;
				CLANG_WARN_INFINITE_RECURSION = YES;
				CLANG_WARN_INT_CONVERSION = YES;
				CLANG_WARN_OBJC_ROOT_CLASS = YES_ERROR;
				CLANG_WARN_SUSPICIOUS_MOVE = YES;
				CLANG_WARN_UNREACHABLE_CODE = YES;
				CLANG_WARN__DUPLICATE_METHOD_MATCH = YES;
				"CODE_SIGN_IDENTITY[sdk=iphoneos*]" = "iPhone Developer";
				COPY_PHASE_STRIP = NO;
				DEBUG_INFORMATION_FORMAT = dwarf;
				ENABLE_STRICT_OBJC_MSGSEND = YES;
				ENABLE_TESTABILITY = YES;
				GCC_C_LANGUAGE_STANDARD = gnu99;
				GCC_DYNAMIC_NO_PIC = NO;
				GCC_NO_COMMON_BLOCKS = YES;
				GCC_OPTIMIZATION_LEVEL = 0;
				GCC_PREPROCESSOR_DEFINITIONS = (
					"DEBUG=1",
					"$(inherited)",
				);
				GCC_WARN_64_TO_32_BIT_CONVERSION = YES;
				GCC_WARN_ABOUT_RETURN_TYPE = YES_ERROR;
				GCC_WARN_UNDECLARED_SELECTOR = YES;
				GCC_WARN_UNINITIALIZED_AUTOS = YES_AGGRESSIVE;
				GCC_WARN_UNUSED_FUNCTION = YES;
				GCC_WARN_UNUSED_VARIABLE = YES;
				IPHONEOS_DEPLOYMENT_TARGET = 10.2;
				MTL_ENABLE_DEBUG_INFO = YES;
				ONLY_ACTIVE_ARCH = YES;
				SDKROOT = iphoneos;
				SWIFT_ACTIVE_COMPILATION_CONDITIONS = DEBUG;
				SWIFT_OPTIMIZATION_LEVEL = "-Onone";
				TARGETED_DEVICE_FAMILY = "1,2";
			};
			name = Debug;
		};
		08B9447F1E890CE1001B201B /* Release */ = {
			isa = XCBuildConfiguration;
			buildSettings = {
				ALWAYS_SEARCH_USER_PATHS = NO;
				CLANG_ANALYZER_NONNULL = YES;
				CLANG_CXX_LANGUAGE_STANDARD = "gnu++0x";
				CLANG_CXX_LIBRARY = "libc++";
				CLANG_ENABLE_MODULES = YES;
				CLANG_ENABLE_OBJC_ARC = YES;
				CLANG_WARN_BOOL_CONVERSION = YES;
				CLANG_WARN_CONSTANT_CONVERSION = YES;
				CLANG_WARN_DIRECT_OBJC_ISA_USAGE = YES_ERROR;
				CLANG_WARN_DOCUMENTATION_COMMENTS = YES;
				CLANG_WARN_EMPTY_BODY = YES;
				CLANG_WARN_ENUM_CONVERSION = YES;
				CLANG_WARN_INFINITE_RECURSION = YES;
				CLANG_WARN_INT_CONVERSION = YES;
				CLANG_WARN_OBJC_ROOT_CLASS = YES_ERROR;
				CLANG_WARN_SUSPICIOUS_MOVE = YES;
				CLANG_WARN_UNREACHABLE_CODE = YES;
				CLANG_WARN__DUPLICATE_METHOD_MATCH = YES;
				"CODE_SIGN_IDENTITY[sdk=iphoneos*]" = "iPhone Developer";
				COPY_PHASE_STRIP = NO;
				DEBUG_INFORMATION_FORMAT = "dwarf-with-dsym";
				ENABLE_NS_ASSERTIONS = NO;
				ENABLE_STRICT_OBJC_MSGSEND = YES;
				GCC_C_LANGUAGE_STANDARD = gnu99;
				GCC_NO_COMMON_BLOCKS = YES;
				GCC_WARN_64_TO_32_BIT_CONVERSION = YES;
				GCC_WARN_ABOUT_RETURN_TYPE = YES_ERROR;
				GCC_WARN_UNDECLARED_SELECTOR = YES;
				GCC_WARN_UNINITIALIZED_AUTOS = YES_AGGRESSIVE;
				GCC_WARN_UNUSED_FUNCTION = YES;
				GCC_WARN_UNUSED_VARIABLE = YES;
				IPHONEOS_DEPLOYMENT_TARGET = 10.2;
				MTL_ENABLE_DEBUG_INFO = NO;
				SDKROOT = iphoneos;
				SWIFT_OPTIMIZATION_LEVEL = "-Owholemodule";
				TARGETED_DEVICE_FAMILY = "1,2";
				VALIDATE_PRODUCT = YES;
			};
			name = Release;
		};
		08B944811E890CE1001B201B /* Debug */ = {
			isa = XCBuildConfiguration;
			baseConfigurationReference = D18BF32CF08357B65DE91DCB /* Pods-TestTaskApp.debug.xcconfig */;
			buildSettings = {
				ASSETCATALOG_COMPILER_APPICON_NAME = AppIcon;
				DEVELOPMENT_TEAM = 4S4TN8CRJT;
				INFOPLIST_FILE = TestTaskApp/Info.plist;
				LD_RUNPATH_SEARCH_PATHS = "$(inherited) @executable_path/Frameworks";
				PRODUCT_BUNDLE_IDENTIFIER = com.petarsantor.TestTaskApp;
				PRODUCT_NAME = "$(TARGET_NAME)";
				SWIFT_VERSION = 3.0;
			};
			name = Debug;
		};
		08B944821E890CE1001B201B /* Release */ = {
			isa = XCBuildConfiguration;
			baseConfigurationReference = 0B55A31086BD46A631DC8E1B /* Pods-TestTaskApp.release.xcconfig */;
			buildSettings = {
				ASSETCATALOG_COMPILER_APPICON_NAME = AppIcon;
				DEVELOPMENT_TEAM = 4S4TN8CRJT;
				INFOPLIST_FILE = TestTaskApp/Info.plist;
				LD_RUNPATH_SEARCH_PATHS = "$(inherited) @executable_path/Frameworks";
				PRODUCT_BUNDLE_IDENTIFIER = com.petarsantor.TestTaskApp;
				PRODUCT_NAME = "$(TARGET_NAME)";
				SWIFT_VERSION = 3.0;
			};
			name = Release;
		};
		08B944841E890CE1001B201B /* Debug */ = {
			isa = XCBuildConfiguration;
			baseConfigurationReference = 36FB55C75A5C430FFF9214B7 /* Pods-TestTaskAppTests.debug.xcconfig */;
			buildSettings = {
				ALWAYS_EMBED_SWIFT_STANDARD_LIBRARIES = YES;
				BUNDLE_LOADER = "$(TEST_HOST)";
				DEVELOPMENT_TEAM = 4S4TN8CRJT;
				INFOPLIST_FILE = TestTaskAppTests/Info.plist;
				LD_RUNPATH_SEARCH_PATHS = "$(inherited) @executable_path/Frameworks @loader_path/Frameworks";
				PRODUCT_BUNDLE_IDENTIFIER = com.petarsantor.TestTaskAppTests;
				PRODUCT_NAME = "$(TARGET_NAME)";
				SWIFT_VERSION = 3.0;
				TEST_HOST = "$(BUILT_PRODUCTS_DIR)/TestTaskApp.app/TestTaskApp";
			};
			name = Debug;
		};
		08B944851E890CE1001B201B /* Release */ = {
			isa = XCBuildConfiguration;
			baseConfigurationReference = 61460C6EC0B17CDBB9ECD1A5 /* Pods-TestTaskAppTests.release.xcconfig */;
			buildSettings = {
				ALWAYS_EMBED_SWIFT_STANDARD_LIBRARIES = YES;
				BUNDLE_LOADER = "$(TEST_HOST)";
				DEVELOPMENT_TEAM = 4S4TN8CRJT;
				INFOPLIST_FILE = TestTaskAppTests/Info.plist;
				LD_RUNPATH_SEARCH_PATHS = "$(inherited) @executable_path/Frameworks @loader_path/Frameworks";
				PRODUCT_BUNDLE_IDENTIFIER = com.petarsantor.TestTaskAppTests;
				PRODUCT_NAME = "$(TARGET_NAME)";
				SWIFT_VERSION = 3.0;
				TEST_HOST = "$(BUILT_PRODUCTS_DIR)/TestTaskApp.app/TestTaskApp";
			};
			name = Release;
		};
		08B944871E890CE1001B201B /* Debug */ = {
			isa = XCBuildConfiguration;
			baseConfigurationReference = 365CE40CE19B61A34B98AC33 /* Pods-TestTaskAppUITests.debug.xcconfig */;
			buildSettings = {
				ALWAYS_EMBED_SWIFT_STANDARD_LIBRARIES = YES;
				DEVELOPMENT_TEAM = 4S4TN8CRJT;
				INFOPLIST_FILE = TestTaskAppUITests/Info.plist;
				LD_RUNPATH_SEARCH_PATHS = "$(inherited) @executable_path/Frameworks @loader_path/Frameworks";
				PRODUCT_BUNDLE_IDENTIFIER = com.petarsantor.TestTaskAppUITests;
				PRODUCT_NAME = "$(TARGET_NAME)";
				SWIFT_VERSION = 3.0;
				TEST_TARGET_NAME = TestTaskApp;
			};
			name = Debug;
		};
		08B944881E890CE1001B201B /* Release */ = {
			isa = XCBuildConfiguration;
			baseConfigurationReference = E016D0FB79B0EAB10F3FC326 /* Pods-TestTaskAppUITests.release.xcconfig */;
			buildSettings = {
				ALWAYS_EMBED_SWIFT_STANDARD_LIBRARIES = YES;
				DEVELOPMENT_TEAM = 4S4TN8CRJT;
				INFOPLIST_FILE = TestTaskAppUITests/Info.plist;
				LD_RUNPATH_SEARCH_PATHS = "$(inherited) @executable_path/Frameworks @loader_path/Frameworks";
				PRODUCT_BUNDLE_IDENTIFIER = com.petarsantor.TestTaskAppUITests;
				PRODUCT_NAME = "$(TARGET_NAME)";
				SWIFT_VERSION = 3.0;
				TEST_TARGET_NAME = TestTaskApp;
			};
			name = Release;
		};
/* End XCBuildConfiguration section */

/* Begin XCConfigurationList section */
		08B944531E890CE1001B201B /* Build configuration list for PBXProject "TestTaskApp" */ = {
			isa = XCConfigurationList;
			buildConfigurations = (
				08B9447E1E890CE1001B201B /* Debug */,
				08B9447F1E890CE1001B201B /* Release */,
			);
			defaultConfigurationIsVisible = 0;
			defaultConfigurationName = Release;
		};
		08B944801E890CE1001B201B /* Build configuration list for PBXNativeTarget "TestTaskApp" */ = {
			isa = XCConfigurationList;
			buildConfigurations = (
				08B944811E890CE1001B201B /* Debug */,
				08B944821E890CE1001B201B /* Release */,
			);
			defaultConfigurationIsVisible = 0;
		};
		08B944831E890CE1001B201B /* Build configuration list for PBXNativeTarget "TestTaskAppTests" */ = {
			isa = XCConfigurationList;
			buildConfigurations = (
				08B944841E890CE1001B201B /* Debug */,
				08B944851E890CE1001B201B /* Release */,
			);
			defaultConfigurationIsVisible = 0;
		};
		08B944861E890CE1001B201B /* Build configuration list for PBXNativeTarget "TestTaskAppUITests" */ = {
			isa = XCConfigurationList;
			buildConfigurations = (
				08B944871E890CE1001B201B /* Debug */,
				08B944881E890CE1001B201B /* Release */,
			);
			defaultConfigurationIsVisible = 0;
		};
/* End XCConfigurationList section */
	};
	rootObject = 08B944501E890CE1001B201B /* Project object */;
}
